# This file was generated by Aiken
# You typically do not need to edit this file

[[requirements]]
name = "aiken-lang/stdlib"
version = "1.9.0"
source = "github"

[[requirements]]
name = "aiken-lang/fuzz"
version = "edcfa9d8628133279c16b2b1a9eccbd3c011355d"
source = "github"

[[packages]]
name = "aiken-lang/stdlib"
version = "1.9.0"
requirements = []
source = "github"

[[packages]]
name = "aiken-lang/fuzz"
version = "edcfa9d8628133279c16b2b1a9eccbd3c011355d"
requirements = []
source = "github"

[etags]
